
Microsoft Visual Studio Solution File, Format Version 12.00
# Visual Studio Version 17
VisualStudioVersion = 17.7.34031.279
MinimumVisualStudioVersion = 10.0.40219.1
Project("{FAE04EC0-301F-11D3-BF4B-00C04F79EFBC}") = "ServerExample2", "ServerExample2\ServerExample2.csproj", "{89DAD4EF-7F07-47EA-8811-6B27C03E745B}"
EndProject
Global
	GlobalSection(SolutionConfigurationPlatforms) = preSolution
		Debug|Any CPU = Debug|Any CPU
		Release|Any CPU = Release|Any CPU
	EndGlobalSection
	GlobalSection(ProjectConfigurationPlatforms) = postSolution
		{89DAD4EF-7F07-47EA-8811-6B27C03E745B}.Debug|Any CPU.ActiveCfg = Debug|Any CPU
		{89DAD4EF-7F07-47EA-8811-6B27C03E745B}.Debug|Any CPU.Build.0 = Debug|Any CPU
		{89DAD4EF-7F07-47EA-8811-6B27C03E745B}.Release|Any CPU.ActiveCfg = Release|Any CPU
		{89DAD4EF-7F07-47EA-8811-6B27C03E745B}.Release|Any CPU.Build.0 = Release|Any CPU
	EndGlobalSection
	GlobalSection(SolutionProperties) = preSolution
		HideSolutionNode = FALSE
	EndGlobalSection
	GlobalSection(ExtensibilityGlobals) = postSolution
		SolutionGuid = {E77DD2DC-48B7-49BB-A137-6A60019D089D}
	EndGlobalSection
EndGlobal
